
Microsoft Visual Studio Solution File, Format Version 12.00
# Visual Studio Version 16
VisualStudioVersion = 16.0.31105.61
MinimumVisualStudioVersion = 10.0.40219.1
Project("{FAE04EC0-301F-11D3-BF4B-00C04F79EFBC}") = "IdentityServerFour.Web", "IdentityServerFour.Web\IdentityServerFour.Web.csproj", "{4E89793A-80BB-4779-9688-231B967E4C06}"
EndProject
Project("{FAE04EC0-301F-11D3-BF4B-00C04F79EFBC}") = "Client.WeatherAPI", "Client.WeatherAPI\Client.WeatherAPI.csproj", "{C17ABB5F-459D-4197-8F22-FCF5B3EC1E0E}"
EndProject
Project("{FAE04EC0-301F-11D3-BF4B-00C04F79EFBC}") = "Client.WeatherUI", "Client.WeatherUI\Client.WeatherUI.csproj", "{EDE48B6D-34BC-4EB0-97BF-BBB46EC523BA}"
EndProject
Global
	GlobalSection(SolutionConfigurationPlatforms) = preSolution
		Debug|Any CPU = Debug|Any CPU
		Release|Any CPU = Release|Any CPU
	EndGlobalSection
	GlobalSection(ProjectConfigurationPlatforms) = postSolution
		{4E89793A-80BB-4779-9688-231B967E4C06}.Debug|Any CPU.ActiveCfg = Debug|Any CPU
		{4E89793A-80BB-4779-9688-231B967E4C06}.Debug|Any CPU.Build.0 = Debug|Any CPU
		{4E89793A-80BB-4779-9688-231B967E4C06}.Release|Any CPU.ActiveCfg = Release|Any CPU
		{4E89793A-80BB-4779-9688-231B967E4C06}.Release|Any CPU.Build.0 = Release|Any CPU
		{C17ABB5F-459D-4197-8F22-FCF5B3EC1E0E}.Debug|Any CPU.ActiveCfg = Debug|Any CPU
		{C17ABB5F-459D-4197-8F22-FCF5B3EC1E0E}.Debug|Any CPU.Build.0 = Debug|Any CPU
		{C17ABB5F-459D-4197-8F22-FCF5B3EC1E0E}.Release|Any CPU.ActiveCfg = Release|Any CPU
		{C17ABB5F-459D-4197-8F22-FCF5B3EC1E0E}.Release|Any CPU.Build.0 = Release|Any CPU
		{EDE48B6D-34BC-4EB0-97BF-BBB46EC523BA}.Debug|Any CPU.ActiveCfg = Debug|Any CPU
		{EDE48B6D-34BC-4EB0-97BF-BBB46EC523BA}.Debug|Any CPU.Build.0 = Debug|Any CPU
		{EDE48B6D-34BC-4EB0-97BF-BBB46EC523BA}.Release|Any CPU.ActiveCfg = Release|Any CPU
		{EDE48B6D-34BC-4EB0-97BF-BBB46EC523BA}.Release|Any CPU.Build.0 = Release|Any CPU
	EndGlobalSection
	GlobalSection(SolutionProperties) = preSolution
		HideSolutionNode = FALSE
	EndGlobalSection
	GlobalSection(ExtensibilityGlobals) = postSolution
		SolutionGuid = {FCFA18B9-427F-44A7-A989-52C7B7E41E94}
	EndGlobalSection
EndGlobal
